# This file is automatically @generated by Wally.
# It is not intended for manual editing.
registry = "test"

[[package]]
name = "tpc9000/tableutil"
version = "0.1.0"
dependencies = []

[[package]]
name = "tpc9000/typeguard"
version = "0.1.0"
dependencies = [["TableUtil", "tpc9000/tableutil@0.1.0"]]
